
Microsoft Visual Studio Solution File, Format Version 12.00
# Visual Studio Version 17
VisualStudioVersion = 17.10.35013.160
MinimumVisualStudioVersion = 10.0.40219.1
Project("{FAE04EC0-301F-11D3-BF4B-00C04F79EFBC}") = "WinEnvManager", "WinEnvManager\WinEnvManager.csproj", "{A15A777C-5C4A-425E-A663-5A2B8FB5AD12}"
EndProject
Project("{2150E333-8FDC-42A3-9474-1A3956D46DE8}") = "Éléments de solution", "Éléments de solution", "{EF26C4BE-D4EA-4915-8076-76B70386A6EA}"
	ProjectSection(SolutionItems) = preProject
		.gitignore = .gitignore
		README.MD = README.MD
	EndProjectSection
EndProject
Global
	GlobalSection(SolutionConfigurationPlatforms) = preSolution
		Debug|Any CPU = Debug|Any CPU
		Release|Any CPU = Release|Any CPU
	EndGlobalSection
	GlobalSection(ProjectConfigurationPlatforms) = postSolution
		{A15A777C-5C4A-425E-A663-5A2B8FB5AD12}.Debug|Any CPU.ActiveCfg = Debug|Any CPU
		{A15A777C-5C4A-425E-A663-5A2B8FB5AD12}.Debug|Any CPU.Build.0 = Debug|Any CPU
		{A15A777C-5C4A-425E-A663-5A2B8FB5AD12}.Release|Any CPU.ActiveCfg = Release|Any CPU
		{A15A777C-5C4A-425E-A663-5A2B8FB5AD12}.Release|Any CPU.Build.0 = Release|Any CPU
	EndGlobalSection
	GlobalSection(SolutionProperties) = preSolution
		HideSolutionNode = FALSE
	EndGlobalSection
	GlobalSection(ExtensibilityGlobals) = postSolution
		SolutionGuid = {B05DB451-FFAF-43BF-A29D-CB2F97A83AF9}
	EndGlobalSection
EndGlobal
